
Microsoft Visual Studio Solution File, Format Version 12.00
# Visual Studio Version 16
VisualStudioVersion = 16.0.33529.622
MinimumVisualStudioVersion = 10.0.40219.1
Project("{FAE04EC0-301F-11D3-BF4B-00C04F79EFBC}") = "WebApplication2", "WebApplication2\WebApplication2.csproj", "{FEFB30BD-C233-4E87-AEB3-FD53A9B3FC5B}"
EndProject
Global
	GlobalSection(SolutionConfigurationPlatforms) = preSolution
		Debug|Any CPU = Debug|Any CPU
		Release|Any CPU = Release|Any CPU
	EndGlobalSection
	GlobalSection(ProjectConfigurationPlatforms) = postSolution
		{FEFB30BD-C233-4E87-AEB3-FD53A9B3FC5B}.Debug|Any CPU.ActiveCfg = Debug|Any CPU
		{FEFB30BD-C233-4E87-AEB3-FD53A9B3FC5B}.Debug|Any CPU.Build.0 = Debug|Any CPU
		{FEFB30BD-C233-4E87-AEB3-FD53A9B3FC5B}.Release|Any CPU.ActiveCfg = Release|Any CPU
		{FEFB30BD-C233-4E87-AEB3-FD53A9B3FC5B}.Release|Any CPU.Build.0 = Release|Any CPU
	EndGlobalSection
	GlobalSection(SolutionProperties) = preSolution
		HideSolutionNode = FALSE
	EndGlobalSection
	GlobalSection(ExtensibilityGlobals) = postSolution
		SolutionGuid = {4FE3C4AC-A60D-4A98-8028-15D0964FDD71}
	EndGlobalSection
EndGlobal
