
Microsoft Visual Studio Solution File, Format Version 12.00
# Visual Studio Version 16
VisualStudioVersion = 16.0.33529.622
MinimumVisualStudioVersion = 10.0.40219.1
Project("{FAE04EC0-301F-11D3-BF4B-00C04F79EFBC}") = "Operators", "Module6\Operators.csproj", "{BC8C9D55-B4A1-4D90-893C-D3BC64DAAC26}"
EndProject
Global
	GlobalSection(SolutionConfigurationPlatforms) = preSolution
		Debug|Any CPU = Debug|Any CPU
		Release|Any CPU = Release|Any CPU
	EndGlobalSection
	GlobalSection(ProjectConfigurationPlatforms) = postSolution
		{BC8C9D55-B4A1-4D90-893C-D3BC64DAAC26}.Debug|Any CPU.ActiveCfg = Debug|Any CPU
		{BC8C9D55-B4A1-4D90-893C-D3BC64DAAC26}.Debug|Any CPU.Build.0 = Debug|Any CPU
		{BC8C9D55-B4A1-4D90-893C-D3BC64DAAC26}.Release|Any CPU.ActiveCfg = Release|Any CPU
		{BC8C9D55-B4A1-4D90-893C-D3BC64DAAC26}.Release|Any CPU.Build.0 = Release|Any CPU
	EndGlobalSection
	GlobalSection(SolutionProperties) = preSolution
		HideSolutionNode = FALSE
	EndGlobalSection
	GlobalSection(ExtensibilityGlobals) = postSolution
		SolutionGuid = {354D506E-2128-47B4-A4A9-517993318FD0}
	EndGlobalSection
EndGlobal
