
Microsoft Visual Studio Solution File, Format Version 12.00
# Visual Studio Version 16
VisualStudioVersion = 16.0.33529.622
MinimumVisualStudioVersion = 10.0.40219.1
Project("{FAE04EC0-301F-11D3-BF4B-00C04F79EFBC}") = "MethodsAndObjects", "MethodsAndObjects\MethodsAndObjects.csproj", "{BA1CBEF2-BBA5-4DDB-9C1A-6EF0D71ECC90}"
EndProject
Project("{FAE04EC0-301F-11D3-BF4B-00C04F79EFBC}") = "AbstractClass", "AbstractClass\AbstractClass.csproj", "{A2B2296B-27B6-434A-B19D-C46F03186EB1}"
EndProject
Global
	GlobalSection(SolutionConfigurationPlatforms) = preSolution
		Debug|Any CPU = Debug|Any CPU
		Release|Any CPU = Release|Any CPU
	EndGlobalSection
	GlobalSection(ProjectConfigurationPlatforms) = postSolution
		{BA1CBEF2-BBA5-4DDB-9C1A-6EF0D71ECC90}.Debug|Any CPU.ActiveCfg = Debug|Any CPU
		{BA1CBEF2-BBA5-4DDB-9C1A-6EF0D71ECC90}.Debug|Any CPU.Build.0 = Debug|Any CPU
		{BA1CBEF2-BBA5-4DDB-9C1A-6EF0D71ECC90}.Release|Any CPU.ActiveCfg = Release|Any CPU
		{BA1CBEF2-BBA5-4DDB-9C1A-6EF0D71ECC90}.Release|Any CPU.Build.0 = Release|Any CPU
		{A2B2296B-27B6-434A-B19D-C46F03186EB1}.Debug|Any CPU.ActiveCfg = Debug|Any CPU
		{A2B2296B-27B6-434A-B19D-C46F03186EB1}.Debug|Any CPU.Build.0 = Debug|Any CPU
		{A2B2296B-27B6-434A-B19D-C46F03186EB1}.Release|Any CPU.ActiveCfg = Release|Any CPU
		{A2B2296B-27B6-434A-B19D-C46F03186EB1}.Release|Any CPU.Build.0 = Release|Any CPU
	EndGlobalSection
	GlobalSection(SolutionProperties) = preSolution
		HideSolutionNode = FALSE
	EndGlobalSection
	GlobalSection(ExtensibilityGlobals) = postSolution
		SolutionGuid = {BECD6AD8-C47A-4E39-B3C8-FA0363ECC041}
	EndGlobalSection
EndGlobal
