
Microsoft Visual Studio Solution File, Format Version 12.00
# Visual Studio Version 16
VisualStudioVersion = 16.0.33529.622
MinimumVisualStudioVersion = 10.0.40219.1
Project("{FAE04EC0-301F-11D3-BF4B-00C04F79EFBC}") = "CallingMethod", "CallingMethod\CallingMethod.csproj", "{20CF0117-67E7-4B67-AFBF-0EE0D6379D31}"
EndProject
Project("{FAE04EC0-301F-11D3-BF4B-00C04F79EFBC}") = "MainMethodAssignment", "MainMethodAssignment\MainMethodAssignment.csproj", "{CFB86182-4F9B-401A-BF48-94203A13A0F9}"
EndProject
Project("{FAE04EC0-301F-11D3-BF4B-00C04F79EFBC}") = "MethodAssignment", "MethodAssignment\MethodAssignment.csproj", "{298B8D82-EFAA-4159-BD77-B7515A68DF82}"
EndProject
Global
	GlobalSection(SolutionConfigurationPlatforms) = preSolution
		Debug|Any CPU = Debug|Any CPU
		Release|Any CPU = Release|Any CPU
	EndGlobalSection
	GlobalSection(ProjectConfigurationPlatforms) = postSolution
		{20CF0117-67E7-4B67-AFBF-0EE0D6379D31}.Debug|Any CPU.ActiveCfg = Debug|Any CPU
		{20CF0117-67E7-4B67-AFBF-0EE0D6379D31}.Debug|Any CPU.Build.0 = Debug|Any CPU
		{20CF0117-67E7-4B67-AFBF-0EE0D6379D31}.Release|Any CPU.ActiveCfg = Release|Any CPU
		{20CF0117-67E7-4B67-AFBF-0EE0D6379D31}.Release|Any CPU.Build.0 = Release|Any CPU
		{CFB86182-4F9B-401A-BF48-94203A13A0F9}.Debug|Any CPU.ActiveCfg = Debug|Any CPU
		{CFB86182-4F9B-401A-BF48-94203A13A0F9}.Debug|Any CPU.Build.0 = Debug|Any CPU
		{CFB86182-4F9B-401A-BF48-94203A13A0F9}.Release|Any CPU.ActiveCfg = Release|Any CPU
		{CFB86182-4F9B-401A-BF48-94203A13A0F9}.Release|Any CPU.Build.0 = Release|Any CPU
		{298B8D82-EFAA-4159-BD77-B7515A68DF82}.Debug|Any CPU.ActiveCfg = Debug|Any CPU
		{298B8D82-EFAA-4159-BD77-B7515A68DF82}.Debug|Any CPU.Build.0 = Debug|Any CPU
		{298B8D82-EFAA-4159-BD77-B7515A68DF82}.Release|Any CPU.ActiveCfg = Release|Any CPU
		{298B8D82-EFAA-4159-BD77-B7515A68DF82}.Release|Any CPU.Build.0 = Release|Any CPU
	EndGlobalSection
	GlobalSection(SolutionProperties) = preSolution
		HideSolutionNode = FALSE
	EndGlobalSection
	GlobalSection(ExtensibilityGlobals) = postSolution
		SolutionGuid = {F6E07BF4-76CE-4C6B-95CE-5E18989CC046}
	EndGlobalSection
EndGlobal
