
Microsoft Visual Studio Solution File, Format Version 12.00
# Visual Studio Version 16
VisualStudioVersion = 16.0.33529.622
MinimumVisualStudioVersion = 10.0.40219.1
Project("{FAE04EC0-301F-11D3-BF4B-00C04F79EFBC}") = "Module12", "Module12\Module12.csproj", "{DFCEC24E-1031-4850-B849-1F41086D332B}"
EndProject
Global
	GlobalSection(SolutionConfigurationPlatforms) = preSolution
		Debug|Any CPU = Debug|Any CPU
		Release|Any CPU = Release|Any CPU
	EndGlobalSection
	GlobalSection(ProjectConfigurationPlatforms) = postSolution
		{DFCEC24E-1031-4850-B849-1F41086D332B}.Debug|Any CPU.ActiveCfg = Debug|Any CPU
		{DFCEC24E-1031-4850-B849-1F41086D332B}.Debug|Any CPU.Build.0 = Debug|Any CPU
		{DFCEC24E-1031-4850-B849-1F41086D332B}.Release|Any CPU.ActiveCfg = Release|Any CPU
		{DFCEC24E-1031-4850-B849-1F41086D332B}.Release|Any CPU.Build.0 = Release|Any CPU
	EndGlobalSection
	GlobalSection(SolutionProperties) = preSolution
		HideSolutionNode = FALSE
	EndGlobalSection
	GlobalSection(ExtensibilityGlobals) = postSolution
		SolutionGuid = {20FB0247-B50C-44F0-962F-113FB6D770D5}
	EndGlobalSection
EndGlobal
